
Microsoft Visual Studio Solution File, Format Version 12.00
# Visual Studio Version 17
VisualStudioVersion = 17.5.002.0
MinimumVisualStudioVersion = 10.0.40219.1
Project("{9A19103F-16F7-4668-BE54-9A1E7A4F7556}") = "day_1", "day_1\day_1.csproj", "{D09623E9-67EC-4D36-B884-3198A3F6920F}"
EndProject
Project("{FAE04EC0-301F-11D3-BF4B-00C04F79EFBC}") = "day_2", "day_2\day_2.csproj", "{C2493AB8-1ED2-472A-9AEB-E6965B2C2694}"
EndProject
Project("{FAE04EC0-301F-11D3-BF4B-00C04F79EFBC}") = "day_3", "day_3\day_3.csproj", "{5442A233-0715-42FC-9B56-71FAC5B25200}"
EndProject
Project("{FAE04EC0-301F-11D3-BF4B-00C04F79EFBC}") = "day_4", "day_4\day_4.csproj", "{A5A746C1-4358-4AB9-B99D-A66F331295A1}"
EndProject
Project("{FAE04EC0-301F-11D3-BF4B-00C04F79EFBC}") = "day_5", "day_5\day_5.csproj", "{24435527-706E-4F84-82DA-09B1B7D59C70}"
EndProject
Global
	GlobalSection(SolutionConfigurationPlatforms) = preSolution
		Debug|Any CPU = Debug|Any CPU
		Release|Any CPU = Release|Any CPU
	EndGlobalSection
	GlobalSection(ProjectConfigurationPlatforms) = postSolution
		{D09623E9-67EC-4D36-B884-3198A3F6920F}.Debug|Any CPU.ActiveCfg = Debug|Any CPU
		{D09623E9-67EC-4D36-B884-3198A3F6920F}.Debug|Any CPU.Build.0 = Debug|Any CPU
		{D09623E9-67EC-4D36-B884-3198A3F6920F}.Release|Any CPU.ActiveCfg = Release|Any CPU
		{D09623E9-67EC-4D36-B884-3198A3F6920F}.Release|Any CPU.Build.0 = Release|Any CPU
		{C2493AB8-1ED2-472A-9AEB-E6965B2C2694}.Debug|Any CPU.ActiveCfg = Debug|Any CPU
		{C2493AB8-1ED2-472A-9AEB-E6965B2C2694}.Debug|Any CPU.Build.0 = Debug|Any CPU
		{C2493AB8-1ED2-472A-9AEB-E6965B2C2694}.Release|Any CPU.ActiveCfg = Release|Any CPU
		{C2493AB8-1ED2-472A-9AEB-E6965B2C2694}.Release|Any CPU.Build.0 = Release|Any CPU
		{5442A233-0715-42FC-9B56-71FAC5B25200}.Debug|Any CPU.ActiveCfg = Debug|Any CPU
		{5442A233-0715-42FC-9B56-71FAC5B25200}.Debug|Any CPU.Build.0 = Debug|Any CPU
		{5442A233-0715-42FC-9B56-71FAC5B25200}.Release|Any CPU.ActiveCfg = Release|Any CPU
		{5442A233-0715-42FC-9B56-71FAC5B25200}.Release|Any CPU.Build.0 = Release|Any CPU
		{A5A746C1-4358-4AB9-B99D-A66F331295A1}.Debug|Any CPU.ActiveCfg = Debug|Any CPU
		{A5A746C1-4358-4AB9-B99D-A66F331295A1}.Debug|Any CPU.Build.0 = Debug|Any CPU
		{A5A746C1-4358-4AB9-B99D-A66F331295A1}.Release|Any CPU.ActiveCfg = Release|Any CPU
		{A5A746C1-4358-4AB9-B99D-A66F331295A1}.Release|Any CPU.Build.0 = Release|Any CPU
		{24435527-706E-4F84-82DA-09B1B7D59C70}.Debug|Any CPU.ActiveCfg = Debug|Any CPU
		{24435527-706E-4F84-82DA-09B1B7D59C70}.Debug|Any CPU.Build.0 = Debug|Any CPU
		{24435527-706E-4F84-82DA-09B1B7D59C70}.Release|Any CPU.ActiveCfg = Release|Any CPU
		{24435527-706E-4F84-82DA-09B1B7D59C70}.Release|Any CPU.Build.0 = Release|Any CPU
	EndGlobalSection
	GlobalSection(SolutionProperties) = preSolution
		HideSolutionNode = FALSE
	EndGlobalSection
	GlobalSection(ExtensibilityGlobals) = postSolution
		SolutionGuid = {FA76EEB7-2565-4A9C-8968-39DF9257D46A}
	EndGlobalSection
EndGlobal
